
Microsoft Visual Studio Solution File, Format Version 12.00
# Visual Studio Version 17
VisualStudioVersion = 17.0.32014.148
MinimumVisualStudioVersion = 10.0.40219.1
Project("{9A19103F-16F7-4668-BE54-9A1E7A4F7556}") = "ThreeDMineTools", "ThreeDMineTools\ThreeDMineTools.csproj", "{F012DBC9-422A-4416-A2A9-34DC82395630}"
EndProject
Project("{8BC9CEB8-8B4A-11D0-8D11-00A0C91BC942}") = "IntersectionTool", "IntersectionTool\IntersectionTool.vcxproj", "{4B789AF1-F1A4-4C92-A921-C0BF9E390369}"
EndProject
Global
	GlobalSection(SolutionConfigurationPlatforms) = preSolution
		Debug|Any CPU = Debug|Any CPU
		Debug|x64 = Debug|x64
		Debug|x86 = Debug|x86
		Release|Any CPU = Release|Any CPU
		Release|x64 = Release|x64
		Release|x86 = Release|x86
	EndGlobalSection
	GlobalSection(ProjectConfigurationPlatforms) = postSolution
		{F012DBC9-422A-4416-A2A9-34DC82395630}.Debug|Any CPU.ActiveCfg = Debug|Any CPU
		{F012DBC9-422A-4416-A2A9-34DC82395630}.Debug|Any CPU.Build.0 = Debug|Any CPU
		{F012DBC9-422A-4416-A2A9-34DC82395630}.Debug|x64.ActiveCfg = Debug|Any CPU
		{F012DBC9-422A-4416-A2A9-34DC82395630}.Debug|x64.Build.0 = Debug|Any CPU
		{F012DBC9-422A-4416-A2A9-34DC82395630}.Debug|x86.ActiveCfg = Debug|Any CPU
		{F012DBC9-422A-4416-A2A9-34DC82395630}.Debug|x86.Build.0 = Debug|Any CPU
		{F012DBC9-422A-4416-A2A9-34DC82395630}.Release|Any CPU.ActiveCfg = Release|Any CPU
		{F012DBC9-422A-4416-A2A9-34DC82395630}.Release|Any CPU.Build.0 = Release|Any CPU
		{F012DBC9-422A-4416-A2A9-34DC82395630}.Release|x64.ActiveCfg = Release|Any CPU
		{F012DBC9-422A-4416-A2A9-34DC82395630}.Release|x64.Build.0 = Release|Any CPU
		{F012DBC9-422A-4416-A2A9-34DC82395630}.Release|x86.ActiveCfg = Release|Any CPU
		{F012DBC9-422A-4416-A2A9-34DC82395630}.Release|x86.Build.0 = Release|Any CPU
		{4B789AF1-F1A4-4C92-A921-C0BF9E390369}.Debug|Any CPU.ActiveCfg = Debug|x64
		{4B789AF1-F1A4-4C92-A921-C0BF9E390369}.Debug|Any CPU.Build.0 = Debug|x64
		{4B789AF1-F1A4-4C92-A921-C0BF9E390369}.Debug|x64.ActiveCfg = Debug|x64
		{4B789AF1-F1A4-4C92-A921-C0BF9E390369}.Debug|x64.Build.0 = Debug|x64
		{4B789AF1-F1A4-4C92-A921-C0BF9E390369}.Debug|x86.ActiveCfg = Debug|Win32
		{4B789AF1-F1A4-4C92-A921-C0BF9E390369}.Debug|x86.Build.0 = Debug|Win32
		{4B789AF1-F1A4-4C92-A921-C0BF9E390369}.Release|Any CPU.ActiveCfg = Release|x64
		{4B789AF1-F1A4-4C92-A921-C0BF9E390369}.Release|Any CPU.Build.0 = Release|x64
		{4B789AF1-F1A4-4C92-A921-C0BF9E390369}.Release|x64.ActiveCfg = Release|x64
		{4B789AF1-F1A4-4C92-A921-C0BF9E390369}.Release|x64.Build.0 = Release|x64
		{4B789AF1-F1A4-4C92-A921-C0BF9E390369}.Release|x86.ActiveCfg = Release|Win32
		{4B789AF1-F1A4-4C92-A921-C0BF9E390369}.Release|x86.Build.0 = Release|Win32
	EndGlobalSection
	GlobalSection(SolutionProperties) = preSolution
		HideSolutionNode = FALSE
	EndGlobalSection
	GlobalSection(ExtensibilityGlobals) = postSolution
		SolutionGuid = {6F85A229-EBB3-49EE-AD9F-E59B7644C1B6}
	EndGlobalSection
EndGlobal
