
Microsoft Visual Studio Solution File, Format Version 12.00
# Visual Studio Version 17
VisualStudioVersion = 17.0.32014.148
MinimumVisualStudioVersion = 10.0.40219.1
Project("{FAE04EC0-301F-11D3-BF4B-00C04F79EFBC}") = "ThreeDMineTools", "ThreeDMineTools\ThreeDMineTools.csproj", "{F012DBC9-422A-4416-A2A9-34DC82395630}"
EndProject
Global
	GlobalSection(SolutionConfigurationPlatforms) = preSolution
		Debug|Any CPU = Debug|Any CPU
		Release|Any CPU = Release|Any CPU
	EndGlobalSection
	GlobalSection(ProjectConfigurationPlatforms) = postSolution
		{F012DBC9-422A-4416-A2A9-34DC82395630}.Debug|Any CPU.ActiveCfg = Debug|Any CPU
		{F012DBC9-422A-4416-A2A9-34DC82395630}.Debug|Any CPU.Build.0 = Debug|Any CPU
		{F012DBC9-422A-4416-A2A9-34DC82395630}.Release|Any CPU.ActiveCfg = Release|Any CPU
		{F012DBC9-422A-4416-A2A9-34DC82395630}.Release|Any CPU.Build.0 = Release|Any CPU
	EndGlobalSection
	GlobalSection(SolutionProperties) = preSolution
		HideSolutionNode = FALSE
	EndGlobalSection
	GlobalSection(ExtensibilityGlobals) = postSolution
		SolutionGuid = {6F85A229-EBB3-49EE-AD9F-E59B7644C1B6}
	EndGlobalSection
EndGlobal
